// !$*UTF8*$!
{
	archiveVersion = 1;
	classes = {
	};
	objectVersion = 50;
	objects = {

/* Begin PBXBuildFile section */
		5F3686002306E8A800964580 /* AppDelegate.swift in Sources */ = {isa = PBXBuildFile; fileRef = 5F3685FF2306E8A800964580 /* AppDelegate.swift */; };
		5F3686052306E8A800964580 /* Main.storyboard in Resources */ = {isa = PBXBuildFile; fileRef = 5F3686032306E8A800964580 /* Main.storyboard */; };
		5F3686072306E8A800964580 /* Assets.xcassets in Resources */ = {isa = PBXBuildFile; fileRef = 5F3686062306E8A800964580 /* Assets.xcassets */; };
		5F36860A2306E8A800964580 /* LaunchScreen.storyboard in Resources */ = {isa = PBXBuildFile; fileRef = 5F3686082306E8A800964580 /* LaunchScreen.storyboard */; };
		5F3686152306E8A800964580 /* NYTimesTests.swift in Sources */ = {isa = PBXBuildFile; fileRef = 5F3686142306E8A800964580 /* NYTimesTests.swift */; };
		5F3686202306E8A800964580 /* NYTimesUITests.swift in Sources */ = {isa = PBXBuildFile; fileRef = 5F36861F2306E8A800964580 /* NYTimesUITests.swift */; };
		5F36863E2306F3FE00964580 /* NewsItemCell.swift in Sources */ = {isa = PBXBuildFile; fileRef = 5F36863D2306F3FE00964580 /* NewsItemCell.swift */; };
		5F36863F2306F3FE00964580 /* NewsItemCell.swift in Sources */ = {isa = PBXBuildFile; fileRef = 5F36863D2306F3FE00964580 /* NewsItemCell.swift */; };
		5F3686402306F3FE00964580 /* NewsItemCell.swift in Sources */ = {isa = PBXBuildFile; fileRef = 5F36863D2306F3FE00964580 /* NewsItemCell.swift */; };
		5F3686482306F60800964580 /* Reusable.swift in Sources */ = {isa = PBXBuildFile; fileRef = 5F3686472306F60800964580 /* Reusable.swift */; };
		5F3686492306F60800964580 /* Reusable.swift in Sources */ = {isa = PBXBuildFile; fileRef = 5F3686472306F60800964580 /* Reusable.swift */; };
		5F36864A2306F60800964580 /* Reusable.swift in Sources */ = {isa = PBXBuildFile; fileRef = 5F3686472306F60800964580 /* Reusable.swift */; };
		5F36864C2306F8D500964580 /* NewsArticles.swift in Sources */ = {isa = PBXBuildFile; fileRef = 5F36864B2306F8D500964580 /* NewsArticles.swift */; };
		5F36864D2306F8D500964580 /* NewsArticles.swift in Sources */ = {isa = PBXBuildFile; fileRef = 5F36864B2306F8D500964580 /* NewsArticles.swift */; };
		5F36864E2306F8D500964580 /* NewsArticles.swift in Sources */ = {isa = PBXBuildFile; fileRef = 5F36864B2306F8D500964580 /* NewsArticles.swift */; };
		5F3686502306F9A900964580 /* UIImageViewExtension.swift in Sources */ = {isa = PBXBuildFile; fileRef = 5F36864F2306F9A900964580 /* UIImageViewExtension.swift */; };
		5F3686512306F9A900964580 /* UIImageViewExtension.swift in Sources */ = {isa = PBXBuildFile; fileRef = 5F36864F2306F9A900964580 /* UIImageViewExtension.swift */; };
		5F3686522306F9A900964580 /* UIImageViewExtension.swift in Sources */ = {isa = PBXBuildFile; fileRef = 5F36864F2306F9A900964580 /* UIImageViewExtension.swift */; };
		5F3686542306FA6600964580 /* NSObjectExtensions.swift in Sources */ = {isa = PBXBuildFile; fileRef = 5F3686532306FA6600964580 /* NSObjectExtensions.swift */; };
		5F3686552306FA6600964580 /* NSObjectExtensions.swift in Sources */ = {isa = PBXBuildFile; fileRef = 5F3686532306FA6600964580 /* NSObjectExtensions.swift */; };
		5F3686562306FA6600964580 /* NSObjectExtensions.swift in Sources */ = {isa = PBXBuildFile; fileRef = 5F3686532306FA6600964580 /* NSObjectExtensions.swift */; };
		5F3686582306FB1A00964580 /* StoryBoradExtensions.swift in Sources */ = {isa = PBXBuildFile; fileRef = 5F3686572306FB1A00964580 /* StoryBoradExtensions.swift */; };
		5F3686592306FB1A00964580 /* StoryBoradExtensions.swift in Sources */ = {isa = PBXBuildFile; fileRef = 5F3686572306FB1A00964580 /* StoryBoradExtensions.swift */; };
		5F36865A2306FB1A00964580 /* StoryBoradExtensions.swift in Sources */ = {isa = PBXBuildFile; fileRef = 5F3686572306FB1A00964580 /* StoryBoradExtensions.swift */; };
		5F36865D2306FBDE00964580 /* Configurations.swift in Sources */ = {isa = PBXBuildFile; fileRef = 5F36865C2306FBDE00964580 /* Configurations.swift */; };
		5F36865E2306FBDE00964580 /* Configurations.swift in Sources */ = {isa = PBXBuildFile; fileRef = 5F36865C2306FBDE00964580 /* Configurations.swift */; };
		5F36865F2306FBDE00964580 /* Configurations.swift in Sources */ = {isa = PBXBuildFile; fileRef = 5F36865C2306FBDE00964580 /* Configurations.swift */; };
		5F3686612306FD7B00964580 /* BaseViewController.swift in Sources */ = {isa = PBXBuildFile; fileRef = 5F3686602306FD7B00964580 /* BaseViewController.swift */; };
		5F3686622306FD7B00964580 /* BaseViewController.swift in Sources */ = {isa = PBXBuildFile; fileRef = 5F3686602306FD7B00964580 /* BaseViewController.swift */; };
		5F3686632306FD7B00964580 /* BaseViewController.swift in Sources */ = {isa = PBXBuildFile; fileRef = 5F3686602306FD7B00964580 /* BaseViewController.swift */; };
		5F3686652306FDFA00964580 /* Theme.swift in Sources */ = {isa = PBXBuildFile; fileRef = 5F3686642306FDFA00964580 /* Theme.swift */; };
		5F3686662306FDFA00964580 /* Theme.swift in Sources */ = {isa = PBXBuildFile; fileRef = 5F3686642306FDFA00964580 /* Theme.swift */; };
		5F3686672306FDFA00964580 /* Theme.swift in Sources */ = {isa = PBXBuildFile; fileRef = 5F3686642306FDFA00964580 /* Theme.swift */; };
		5F3686692306FFDC00964580 /* UINavigationBarExtension.swift in Sources */ = {isa = PBXBuildFile; fileRef = 5F3686682306FFDC00964580 /* UINavigationBarExtension.swift */; };
		5F36866A2306FFDC00964580 /* UINavigationBarExtension.swift in Sources */ = {isa = PBXBuildFile; fileRef = 5F3686682306FFDC00964580 /* UINavigationBarExtension.swift */; };
		5F36866B2306FFDC00964580 /* UINavigationBarExtension.swift in Sources */ = {isa = PBXBuildFile; fileRef = 5F3686682306FFDC00964580 /* UINavigationBarExtension.swift */; };
		5F36866D2307006500964580 /* RequestError.swift in Sources */ = {isa = PBXBuildFile; fileRef = 5F36866C2307006500964580 /* RequestError.swift */; };
		5F36866E2307006500964580 /* RequestError.swift in Sources */ = {isa = PBXBuildFile; fileRef = 5F36866C2307006500964580 /* RequestError.swift */; };
		5F36866F2307006500964580 /* RequestError.swift in Sources */ = {isa = PBXBuildFile; fileRef = 5F36866C2307006500964580 /* RequestError.swift */; };
		5F3686712307017900964580 /* RequestMethods.swift in Sources */ = {isa = PBXBuildFile; fileRef = 5F3686702307017900964580 /* RequestMethods.swift */; };
		5F3686722307017900964580 /* RequestMethods.swift in Sources */ = {isa = PBXBuildFile; fileRef = 5F3686702307017900964580 /* RequestMethods.swift */; };
		5F3686732307017900964580 /* RequestMethods.swift in Sources */ = {isa = PBXBuildFile; fileRef = 5F3686702307017900964580 /* RequestMethods.swift */; };
		5F3686752307025600964580 /* NewsListViewController.swift in Sources */ = {isa = PBXBuildFile; fileRef = 5F3686742307025600964580 /* NewsListViewController.swift */; };
		5F3686762307025600964580 /* NewsListViewController.swift in Sources */ = {isa = PBXBuildFile; fileRef = 5F3686742307025600964580 /* NewsListViewController.swift */; };
		5F3686772307025600964580 /* NewsListViewController.swift in Sources */ = {isa = PBXBuildFile; fileRef = 5F3686742307025600964580 /* NewsListViewController.swift */; };
		5F3686812307056500964580 /* Network.swift in Sources */ = {isa = PBXBuildFile; fileRef = 5F3686802307056500964580 /* Network.swift */; };
		5F3686822307056500964580 /* Network.swift in Sources */ = {isa = PBXBuildFile; fileRef = 5F3686802307056500964580 /* Network.swift */; };
		5F3686832307056500964580 /* Network.swift in Sources */ = {isa = PBXBuildFile; fileRef = 5F3686802307056500964580 /* Network.swift */; };
		5F3686892307127400964580 /* NewsItemCell.xib in Resources */ = {isa = PBXBuildFile; fileRef = 5F3686882307127400964580 /* NewsItemCell.xib */; };
		5F36868A2307127400964580 /* NewsItemCell.xib in Resources */ = {isa = PBXBuildFile; fileRef = 5F3686882307127400964580 /* NewsItemCell.xib */; };
		5F36868B2307127400964580 /* NewsItemCell.xib in Resources */ = {isa = PBXBuildFile; fileRef = 5F3686882307127400964580 /* NewsItemCell.xib */; };
		5F36868D2307337100964580 /* DetailNewsViewController.swift in Sources */ = {isa = PBXBuildFile; fileRef = 5F36868C2307337100964580 /* DetailNewsViewController.swift */; };
		5F36868E2307337100964580 /* DetailNewsViewController.swift in Sources */ = {isa = PBXBuildFile; fileRef = 5F36868C2307337100964580 /* DetailNewsViewController.swift */; };
		5F36868F2307337100964580 /* DetailNewsViewController.swift in Sources */ = {isa = PBXBuildFile; fileRef = 5F36868C2307337100964580 /* DetailNewsViewController.swift */; };
		5F3686912307553E00964580 /* Article.swift in Sources */ = {isa = PBXBuildFile; fileRef = 5F3686902307553E00964580 /* Article.swift */; };
		5F3686922307553E00964580 /* Article.swift in Sources */ = {isa = PBXBuildFile; fileRef = 5F3686902307553E00964580 /* Article.swift */; };
		5F3686932307553E00964580 /* Article.swift in Sources */ = {isa = PBXBuildFile; fileRef = 5F3686902307553E00964580 /* Article.swift */; };
/* End PBXBuildFile section */

/* Begin PBXContainerItemProxy section */
		5F3686112306E8A800964580 /* PBXContainerItemProxy */ = {
			isa = PBXContainerItemProxy;
			containerPortal = 5F3685F42306E8A800964580 /* Project object */;
			proxyType = 1;
			remoteGlobalIDString = 5F3685FB2306E8A800964580;
			remoteInfo = NYTimes;
		};
		5F36861C2306E8A800964580 /* PBXContainerItemProxy */ = {
			isa = PBXContainerItemProxy;
			containerPortal = 5F3685F42306E8A800964580 /* Project object */;
			proxyType = 1;
			remoteGlobalIDString = 5F3685FB2306E8A800964580;
			remoteInfo = NYTimes;
		};
/* End PBXContainerItemProxy section */

/* Begin PBXFileReference section */
		5F3685FC2306E8A800964580 /* NYTimes.app */ = {isa = PBXFileReference; explicitFileType = wrapper.application; includeInIndex = 0; path = NYTimes.app; sourceTree = BUILT_PRODUCTS_DIR; };
		5F3685FF2306E8A800964580 /* AppDelegate.swift */ = {isa = PBXFileReference; lastKnownFileType = sourcecode.swift; path = AppDelegate.swift; sourceTree = "<group>"; };
		5F3686042306E8A800964580 /* Base */ = {isa = PBXFileReference; lastKnownFileType = file.storyboard; name = Base; path = Base.lproj/Main.storyboard; sourceTree = "<group>"; };
		5F3686062306E8A800964580 /* Assets.xcassets */ = {isa = PBXFileReference; lastKnownFileType = folder.assetcatalog; path = Assets.xcassets; sourceTree = "<group>"; };
		5F3686092306E8A800964580 /* Base */ = {isa = PBXFileReference; lastKnownFileType = file.storyboard; name = Base; path = Base.lproj/LaunchScreen.storyboard; sourceTree = "<group>"; };
		5F36860B2306E8A800964580 /* Info.plist */ = {isa = PBXFileReference; lastKnownFileType = text.plist.xml; path = Info.plist; sourceTree = "<group>"; };
		5F3686102306E8A800964580 /* NYTimesTests.xctest */ = {isa = PBXFileReference; explicitFileType = wrapper.cfbundle; includeInIndex = 0; path = NYTimesTests.xctest; sourceTree = BUILT_PRODUCTS_DIR; };
		5F3686142306E8A800964580 /* NYTimesTests.swift */ = {isa = PBXFileReference; lastKnownFileType = sourcecode.swift; path = NYTimesTests.swift; sourceTree = "<group>"; };
		5F3686162306E8A800964580 /* Info.plist */ = {isa = PBXFileReference; lastKnownFileType = text.plist.xml; path = Info.plist; sourceTree = "<group>"; };
		5F36861B2306E8A800964580 /* NYTimesUITests.xctest */ = {isa = PBXFileReference; explicitFileType = wrapper.cfbundle; includeInIndex = 0; path = NYTimesUITests.xctest; sourceTree = BUILT_PRODUCTS_DIR; };
		5F36861F2306E8A800964580 /* NYTimesUITests.swift */ = {isa = PBXFileReference; lastKnownFileType = sourcecode.swift; path = NYTimesUITests.swift; sourceTree = "<group>"; };
		5F3686212306E8A800964580 /* Info.plist */ = {isa = PBXFileReference; lastKnownFileType = text.plist.xml; path = Info.plist; sourceTree = "<group>"; };
		5F36863D2306F3FE00964580 /* NewsItemCell.swift */ = {isa = PBXFileReference; lastKnownFileType = sourcecode.swift; path = NewsItemCell.swift; sourceTree = "<group>"; };
		5F3686472306F60800964580 /* Reusable.swift */ = {isa = PBXFileReference; lastKnownFileType = sourcecode.swift; path = Reusable.swift; sourceTree = "<group>"; };
		5F36864B2306F8D500964580 /* NewsArticles.swift */ = {isa = PBXFileReference; lastKnownFileType = sourcecode.swift; path = NewsArticles.swift; sourceTree = "<group>"; };
		5F36864F2306F9A900964580 /* UIImageViewExtension.swift */ = {isa = PBXFileReference; lastKnownFileType = sourcecode.swift; path = UIImageViewExtension.swift; sourceTree = "<group>"; };
		5F3686532306FA6600964580 /* NSObjectExtensions.swift */ = {isa = PBXFileReference; lastKnownFileType = sourcecode.swift; path = NSObjectExtensions.swift; sourceTree = "<group>"; };
		5F3686572306FB1A00964580 /* StoryBoradExtensions.swift */ = {isa = PBXFileReference; lastKnownFileType = sourcecode.swift; path = StoryBoradExtensions.swift; sourceTree = "<group>"; };
		5F36865C2306FBDE00964580 /* Configurations.swift */ = {isa = PBXFileReference; lastKnownFileType = sourcecode.swift; path = Configurations.swift; sourceTree = "<group>"; };
		5F3686602306FD7B00964580 /* BaseViewController.swift */ = {isa = PBXFileReference; lastKnownFileType = sourcecode.swift; path = BaseViewController.swift; sourceTree = "<group>"; };
		5F3686642306FDFA00964580 /* Theme.swift */ = {isa = PBXFileReference; lastKnownFileType = sourcecode.swift; path = Theme.swift; sourceTree = "<group>"; };
		5F3686682306FFDC00964580 /* UINavigationBarExtension.swift */ = {isa = PBXFileReference; lastKnownFileType = sourcecode.swift; path = UINavigationBarExtension.swift; sourceTree = "<group>"; };
		5F36866C2307006500964580 /* RequestError.swift */ = {isa = PBXFileReference; lastKnownFileType = sourcecode.swift; path = RequestError.swift; sourceTree = "<group>"; };
		5F3686702307017900964580 /* RequestMethods.swift */ = {isa = PBXFileReference; lastKnownFileType = sourcecode.swift; path = RequestMethods.swift; sourceTree = "<group>"; };
		5F3686742307025600964580 /* NewsListViewController.swift */ = {isa = PBXFileReference; lastKnownFileType = sourcecode.swift; path = NewsListViewController.swift; sourceTree = "<group>"; };
		5F3686802307056500964580 /* Network.swift */ = {isa = PBXFileReference; lastKnownFileType = sourcecode.swift; path = Network.swift; sourceTree = "<group>"; };
		5F3686882307127400964580 /* NewsItemCell.xib */ = {isa = PBXFileReference; lastKnownFileType = file.xib; path = NewsItemCell.xib; sourceTree = "<group>"; };
		5F36868C2307337100964580 /* DetailNewsViewController.swift */ = {isa = PBXFileReference; lastKnownFileType = sourcecode.swift; path = DetailNewsViewController.swift; sourceTree = "<group>"; };
		5F3686902307553E00964580 /* Article.swift */ = {isa = PBXFileReference; lastKnownFileType = sourcecode.swift; path = Article.swift; sourceTree = "<group>"; };
/* End PBXFileReference section */

/* Begin PBXFrameworksBuildPhase section */
		5F3685F92306E8A800964580 /* Frameworks */ = {
			isa = PBXFrameworksBuildPhase;
			buildActionMask = 2147483647;
			files = (
			);
			runOnlyForDeploymentPostprocessing = 0;
		};
		5F36860D2306E8A800964580 /* Frameworks */ = {
			isa = PBXFrameworksBuildPhase;
			buildActionMask = 2147483647;
			files = (
			);
			runOnlyForDeploymentPostprocessing = 0;
		};
		5F3686182306E8A800964580 /* Frameworks */ = {
			isa = PBXFrameworksBuildPhase;
			buildActionMask = 2147483647;
			files = (
			);
			runOnlyForDeploymentPostprocessing = 0;
		};
/* End PBXFrameworksBuildPhase section */

/* Begin PBXGroup section */
		5F3685F32306E8A800964580 = {
			isa = PBXGroup;
			children = (
				5F3685FE2306E8A800964580 /* NYTimes */,
				5F3686132306E8A800964580 /* NYTimesTests */,
				5F36861E2306E8A800964580 /* NYTimesUITests */,
				5F3685FD2306E8A800964580 /* Products */,
			);
			sourceTree = "<group>";
		};
		5F3685FD2306E8A800964580 /* Products */ = {
			isa = PBXGroup;
			children = (
				5F3685FC2306E8A800964580 /* NYTimes.app */,
				5F3686102306E8A800964580 /* NYTimesTests.xctest */,
				5F36861B2306E8A800964580 /* NYTimesUITests.xctest */,
			);
			name = Products;
			sourceTree = "<group>";
		};
		5F3685FE2306E8A800964580 /* NYTimes */ = {
			isa = PBXGroup;
			children = (
				5F36860B2306E8A800964580 /* Info.plist */,
				5F36865B2306FB4900964580 /* Resources */,
				5F3686342306F2B800964580 /* Network */,
				5F3686312306F26D00964580 /* Helpers */,
				5F36862E2306F23300964580 /* Features */,
				5F36862D2306F21500964580 /* App */,
			);
			path = NYTimes;
			sourceTree = "<group>";
		};
		5F3686132306E8A800964580 /* NYTimesTests */ = {
			isa = PBXGroup;
			children = (
				5F3686142306E8A800964580 /* NYTimesTests.swift */,
				5F3686162306E8A800964580 /* Info.plist */,
			);
			path = NYTimesTests;
			sourceTree = "<group>";
		};
		5F36861E2306E8A800964580 /* NYTimesUITests */ = {
			isa = PBXGroup;
			children = (
				5F36861F2306E8A800964580 /* NYTimesUITests.swift */,
				5F3686212306E8A800964580 /* Info.plist */,
			);
			path = NYTimesUITests;
			sourceTree = "<group>";
		};
		5F36862D2306F21500964580 /* App */ = {
			isa = PBXGroup;
			children = (
				5F3685FF2306E8A800964580 /* AppDelegate.swift */,
				5F36865C2306FBDE00964580 /* Configurations.swift */,
				5F3686642306FDFA00964580 /* Theme.swift */,
			);
			path = App;
			sourceTree = "<group>";
		};
		5F36862E2306F23300964580 /* Features */ = {
			isa = PBXGroup;
			children = (
				5F3686302306F24F00964580 /* List */,
				5F36862F2306F24400964580 /* Detail */,
				5F3686602306FD7B00964580 /* BaseViewController.swift */,
			);
			path = Features;
			sourceTree = "<group>";
		};
		5F36862F2306F24400964580 /* Detail */ = {
			isa = PBXGroup;
			children = (
				5F36863B2306F38800964580 /* View */,
				5F36863A2306F38300964580 /* Model */,
			);
			path = Detail;
			sourceTree = "<group>";
		};
		5F3686302306F24F00964580 /* List */ = {
			isa = PBXGroup;
			children = (
				5F3686372306F37000964580 /* View */,
				5F3686362306F36700964580 /* Model */,
			);
			path = List;
			sourceTree = "<group>";
		};
		5F3686312306F26D00964580 /* Helpers */ = {
			isa = PBXGroup;
			children = (
				5F3686322306F27500964580 /* Extensions */,
			);
			path = Helpers;
			sourceTree = "<group>";
		};
		5F3686322306F27500964580 /* Extensions */ = {
			isa = PBXGroup;
			children = (
				5F36864F2306F9A900964580 /* UIImageViewExtension.swift */,
				5F3686532306FA6600964580 /* NSObjectExtensions.swift */,
				5F3686572306FB1A00964580 /* StoryBoradExtensions.swift */,
				5F3686682306FFDC00964580 /* UINavigationBarExtension.swift */,
			);
			path = Extensions;
			sourceTree = "<group>";
		};
		5F3686342306F2B800964580 /* Network */ = {
			isa = PBXGroup;
			children = (
				5F3686802307056500964580 /* Network.swift */,
				5F36866C2307006500964580 /* RequestError.swift */,
				5F3686702307017900964580 /* RequestMethods.swift */,
			);
			path = Network;
			sourceTree = "<group>";
		};
		5F3686362306F36700964580 /* Model */ = {
			isa = PBXGroup;
			children = (
				5F36864B2306F8D500964580 /* NewsArticles.swift */,
			);
			path = Model;
			sourceTree = "<group>";
		};
		5F3686372306F37000964580 /* View */ = {
			isa = PBXGroup;
			children = (
				5F3686982307C97600964580 /* ViewCell */,
				5F3686742307025600964580 /* NewsListViewController.swift */,
			);
			path = View;
			sourceTree = "<group>";
		};
		5F36863A2306F38300964580 /* Model */ = {
			isa = PBXGroup;
			children = (
				5F3686902307553E00964580 /* Article.swift */,
			);
			path = Model;
			sourceTree = "<group>";
		};
		5F36863B2306F38800964580 /* View */ = {
			isa = PBXGroup;
			children = (
				5F36868C2307337100964580 /* DetailNewsViewController.swift */,
			);
			path = View;
			sourceTree = "<group>";
		};
		5F36865B2306FB4900964580 /* Resources */ = {
			isa = PBXGroup;
			children = (
				5F3686082306E8A800964580 /* LaunchScreen.storyboard */,
				5F3686062306E8A800964580 /* Assets.xcassets */,
				5F3686032306E8A800964580 /* Main.storyboard */,
			);
			path = Resources;
			sourceTree = "<group>";
		};
		5F3686982307C97600964580 /* ViewCell */ = {
			isa = PBXGroup;
			children = (
				5F3686472306F60800964580 /* Reusable.swift */,
				5F3686882307127400964580 /* NewsItemCell.xib */,
				5F36863D2306F3FE00964580 /* NewsItemCell.swift */,
			);
			path = ViewCell;
			sourceTree = "<group>";
		};
/* End PBXGroup section */

/* Begin PBXNativeTarget section */
		5F3685FB2306E8A800964580 /* NYTimes */ = {
			isa = PBXNativeTarget;
			buildConfigurationList = 5F3686242306E8A800964580 /* Build configuration list for PBXNativeTarget "NYTimes" */;
			buildPhases = (
				5F3685F82306E8A800964580 /* Sources */,
				5F3685F92306E8A800964580 /* Frameworks */,
				5F3685FA2306E8A800964580 /* Resources */,
				5F9907E32307E32C00B953FB /* ShellScript */,
			);
			buildRules = (
			);
			dependencies = (
			);
			name = NYTimes;
			productName = NYTimes;
			productReference = 5F3685FC2306E8A800964580 /* NYTimes.app */;
			productType = "com.apple.product-type.application";
		};
		5F36860F2306E8A800964580 /* NYTimesTests */ = {
			isa = PBXNativeTarget;
			buildConfigurationList = 5F3686272306E8A800964580 /* Build configuration list for PBXNativeTarget "NYTimesTests" */;
			buildPhases = (
				5F36860C2306E8A800964580 /* Sources */,
				5F36860D2306E8A800964580 /* Frameworks */,
				5F36860E2306E8A800964580 /* Resources */,
			);
			buildRules = (
			);
			dependencies = (
				5F3686122306E8A800964580 /* PBXTargetDependency */,
			);
			name = NYTimesTests;
			productName = NYTimesTests;
			productReference = 5F3686102306E8A800964580 /* NYTimesTests.xctest */;
			productType = "com.apple.product-type.bundle.unit-test";
		};
		5F36861A2306E8A800964580 /* NYTimesUITests */ = {
			isa = PBXNativeTarget;
			buildConfigurationList = 5F36862A2306E8A800964580 /* Build configuration list for PBXNativeTarget "NYTimesUITests" */;
			buildPhases = (
				5F3686172306E8A800964580 /* Sources */,
				5F3686182306E8A800964580 /* Frameworks */,
				5F3686192306E8A800964580 /* Resources */,
			);
			buildRules = (
			);
			dependencies = (
				5F36861D2306E8A800964580 /* PBXTargetDependency */,
			);
			name = NYTimesUITests;
			productName = NYTimesUITests;
			productReference = 5F36861B2306E8A800964580 /* NYTimesUITests.xctest */;
			productType = "com.apple.product-type.bundle.ui-testing";
		};
/* End PBXNativeTarget section */

/* Begin PBXProject section */
		5F3685F42306E8A800964580 /* Project object */ = {
			isa = PBXProject;
			attributes = {
				LastSwiftUpdateCheck = 1030;
				LastUpgradeCheck = 1030;
				ORGANIZATIONNAME = "Jayesh Shinde";
				TargetAttributes = {
					5F3685FB2306E8A800964580 = {
						CreatedOnToolsVersion = 10.3;
					};
					5F36860F2306E8A800964580 = {
						CreatedOnToolsVersion = 10.3;
						TestTargetID = 5F3685FB2306E8A800964580;
					};
					5F36861A2306E8A800964580 = {
						CreatedOnToolsVersion = 10.3;
						TestTargetID = 5F3685FB2306E8A800964580;
					};
				};
			};
			buildConfigurationList = 5F3685F72306E8A800964580 /* Build configuration list for PBXProject "NYTimes" */;
			compatibilityVersion = "Xcode 9.3";
			developmentRegion = en;
			hasScannedForEncodings = 0;
			knownRegions = (
				en,
				Base,
			);
			mainGroup = 5F3685F32306E8A800964580;
			productRefGroup = 5F3685FD2306E8A800964580 /* Products */;
			projectDirPath = "";
			projectRoot = "";
			targets = (
				5F3685FB2306E8A800964580 /* NYTimes */,
				5F36860F2306E8A800964580 /* NYTimesTests */,
				5F36861A2306E8A800964580 /* NYTimesUITests */,
			);
		};
/* End PBXProject section */

/* Begin PBXResourcesBuildPhase section */
		5F3685FA2306E8A800964580 /* Resources */ = {
			isa = PBXResourcesBuildPhase;
			buildActionMask = 2147483647;
			files = (
				5F36860A2306E8A800964580 /* LaunchScreen.storyboard in Resources */,
				5F3686892307127400964580 /* NewsItemCell.xib in Resources */,
				5F3686072306E8A800964580 /* Assets.xcassets in Resources */,
				5F3686052306E8A800964580 /* Main.storyboard in Resources */,
			);
			runOnlyForDeploymentPostprocessing = 0;
		};
		5F36860E2306E8A800964580 /* Resources */ = {
			isa = PBXResourcesBuildPhase;
			buildActionMask = 2147483647;
			files = (
				5F36868A2307127400964580 /* NewsItemCell.xib in Resources */,
			);
			runOnlyForDeploymentPostprocessing = 0;
		};
		5F3686192306E8A800964580 /* Resources */ = {
			isa = PBXResourcesBuildPhase;
			buildActionMask = 2147483647;
			files = (
				5F36868B2307127400964580 /* NewsItemCell.xib in Resources */,
			);
			runOnlyForDeploymentPostprocessing = 0;
		};
/* End PBXResourcesBuildPhase section */

/* Begin PBXShellScriptBuildPhase section */
		5F9907E32307E32C00B953FB /* ShellScript */ = {
			isa = PBXShellScriptBuildPhase;
			buildActionMask = 2147483647;
			files = (
			);
			inputFileListPaths = (
			);
			inputPaths = (
			);
			outputFileListPaths = (
			);
			outputPaths = (
			);
			runOnlyForDeploymentPostprocessing = 0;
			shellPath = /bin/sh;
			shellScript = "if which swiftlint >/dev/null; then\nswiftlint\nelse\necho \"warning: SwiftLint not installed, download from https://github.com/realm/SwiftLint\"\nfi\n";
		};
/* End PBXShellScriptBuildPhase section */

/* Begin PBXSourcesBuildPhase section */
		5F3685F82306E8A800964580 /* Sources */ = {
			isa = PBXSourcesBuildPhase;
			buildActionMask = 2147483647;
			files = (
				5F3686712307017900964580 /* RequestMethods.swift in Sources */,
				5F36864C2306F8D500964580 /* NewsArticles.swift in Sources */,
				5F3686482306F60800964580 /* Reusable.swift in Sources */,
				5F3686752307025600964580 /* NewsListViewController.swift in Sources */,
				5F36865D2306FBDE00964580 /* Configurations.swift in Sources */,
				5F3686912307553E00964580 /* Article.swift in Sources */,
				5F3686502306F9A900964580 /* UIImageViewExtension.swift in Sources */,
				5F3686542306FA6600964580 /* NSObjectExtensions.swift in Sources */,
				5F3686612306FD7B00964580 /* BaseViewController.swift in Sources */,
				5F36868D2307337100964580 /* DetailNewsViewController.swift in Sources */,
				5F36863E2306F3FE00964580 /* NewsItemCell.swift in Sources */,
				5F3686652306FDFA00964580 /* Theme.swift in Sources */,
				5F36866D2307006500964580 /* RequestError.swift in Sources */,
				5F3686582306FB1A00964580 /* StoryBoradExtensions.swift in Sources */,
				5F3686812307056500964580 /* Network.swift in Sources */,
				5F3686692306FFDC00964580 /* UINavigationBarExtension.swift in Sources */,
				5F3686002306E8A800964580 /* AppDelegate.swift in Sources */,
			);
			runOnlyForDeploymentPostprocessing = 0;
		};
		5F36860C2306E8A800964580 /* Sources */ = {
			isa = PBXSourcesBuildPhase;
			buildActionMask = 2147483647;
			files = (
				5F3686722307017900964580 /* RequestMethods.swift in Sources */,
				5F3686512306F9A900964580 /* UIImageViewExtension.swift in Sources */,
				5F3686592306FB1A00964580 /* StoryBoradExtensions.swift in Sources */,
				5F3686762307025600964580 /* NewsListViewController.swift in Sources */,
				5F36865E2306FBDE00964580 /* Configurations.swift in Sources */,
				5F3686922307553E00964580 /* Article.swift in Sources */,
				5F3686492306F60800964580 /* Reusable.swift in Sources */,
				5F36864D2306F8D500964580 /* NewsArticles.swift in Sources */,
				5F3686622306FD7B00964580 /* BaseViewController.swift in Sources */,
				5F36868E2307337100964580 /* DetailNewsViewController.swift in Sources */,
				5F3686152306E8A800964580 /* NYTimesTests.swift in Sources */,
				5F3686662306FDFA00964580 /* Theme.swift in Sources */,
				5F36866E2307006500964580 /* RequestError.swift in Sources */,
				5F36863F2306F3FE00964580 /* NewsItemCell.swift in Sources */,
				5F3686822307056500964580 /* Network.swift in Sources */,
				5F36866A2306FFDC00964580 /* UINavigationBarExtension.swift in Sources */,
				5F3686552306FA6600964580 /* NSObjectExtensions.swift in Sources */,
			);
			runOnlyForDeploymentPostprocessing = 0;
		};
		5F3686172306E8A800964580 /* Sources */ = {
			isa = PBXSourcesBuildPhase;
			buildActionMask = 2147483647;
			files = (
				5F3686732307017900964580 /* RequestMethods.swift in Sources */,
				5F3686522306F9A900964580 /* UIImageViewExtension.swift in Sources */,
				5F36865A2306FB1A00964580 /* StoryBoradExtensions.swift in Sources */,
				5F3686772307025600964580 /* NewsListViewController.swift in Sources */,
				5F36865F2306FBDE00964580 /* Configurations.swift in Sources */,
				5F3686932307553E00964580 /* Article.swift in Sources */,
				5F36864A2306F60800964580 /* Reusable.swift in Sources */,
				5F36864E2306F8D500964580 /* NewsArticles.swift in Sources */,
				5F3686632306FD7B00964580 /* BaseViewController.swift in Sources */,
				5F36868F2307337100964580 /* DetailNewsViewController.swift in Sources */,
				5F3686202306E8A800964580 /* NYTimesUITests.swift in Sources */,
				5F3686672306FDFA00964580 /* Theme.swift in Sources */,
				5F36866F2307006500964580 /* RequestError.swift in Sources */,
				5F3686402306F3FE00964580 /* NewsItemCell.swift in Sources */,
				5F3686832307056500964580 /* Network.swift in Sources */,
				5F36866B2306FFDC00964580 /* UINavigationBarExtension.swift in Sources */,
				5F3686562306FA6600964580 /* NSObjectExtensions.swift in Sources */,
			);
			runOnlyForDeploymentPostprocessing = 0;
		};
/* End PBXSourcesBuildPhase section */

/* Begin PBXTargetDependency section */
		5F3686122306E8A800964580 /* PBXTargetDependency */ = {
			isa = PBXTargetDependency;
			target = 5F3685FB2306E8A800964580 /* NYTimes */;
			targetProxy = 5F3686112306E8A800964580 /* PBXContainerItemProxy */;
		};
		5F36861D2306E8A800964580 /* PBXTargetDependency */ = {
			isa = PBXTargetDependency;
			target = 5F3685FB2306E8A800964580 /* NYTimes */;
			targetProxy = 5F36861C2306E8A800964580 /* PBXContainerItemProxy */;
		};
/* End PBXTargetDependency section */

/* Begin PBXVariantGroup section */
		5F3686032306E8A800964580 /* Main.storyboard */ = {
			isa = PBXVariantGroup;
			children = (
				5F3686042306E8A800964580 /* Base */,
			);
			name = Main.storyboard;
			sourceTree = "<group>";
		};
		5F3686082306E8A800964580 /* LaunchScreen.storyboard */ = {
			isa = PBXVariantGroup;
			children = (
				5F3686092306E8A800964580 /* Base */,
			);
			name = LaunchScreen.storyboard;
			sourceTree = "<group>";
		};
/* End PBXVariantGroup section */

/* Begin XCBuildConfiguration section */
		5F3686222306E8A800964580 /* Debug */ = {
			isa = XCBuildConfiguration;
			buildSettings = {
				ALWAYS_SEARCH_USER_PATHS = NO;
				CLANG_ANALYZER_NONNULL = YES;
				CLANG_ANALYZER_NUMBER_OBJECT_CONVERSION = YES_AGGRESSIVE;
				CLANG_CXX_LANGUAGE_STANDARD = "gnu++14";
				CLANG_CXX_LIBRARY = "libc++";
				CLANG_ENABLE_MODULES = YES;
				CLANG_ENABLE_OBJC_ARC = YES;
				CLANG_ENABLE_OBJC_WEAK = YES;
				CLANG_WARN_BLOCK_CAPTURE_AUTORELEASING = YES;
				CLANG_WARN_BOOL_CONVERSION = YES;
				CLANG_WARN_COMMA = YES;
				CLANG_WARN_CONSTANT_CONVERSION = YES;
				CLANG_WARN_DEPRECATED_OBJC_IMPLEMENTATIONS = YES;
				CLANG_WARN_DIRECT_OBJC_ISA_USAGE = YES_ERROR;
				CLANG_WARN_DOCUMENTATION_COMMENTS = YES;
				CLANG_WARN_EMPTY_BODY = YES;
				CLANG_WARN_ENUM_CONVERSION = YES;
				CLANG_WARN_INFINITE_RECURSION = YES;
				CLANG_WARN_INT_CONVERSION = YES;
				CLANG_WARN_NON_LITERAL_NULL_CONVERSION = YES;
				CLANG_WARN_OBJC_IMPLICIT_RETAIN_SELF = YES;
				CLANG_WARN_OBJC_LITERAL_CONVERSION = YES;
				CLANG_WARN_OBJC_ROOT_CLASS = YES_ERROR;
				CLANG_WARN_RANGE_LOOP_ANALYSIS = YES;
				CLANG_WARN_STRICT_PROTOTYPES = YES;
				CLANG_WARN_SUSPICIOUS_MOVE = YES;
				CLANG_WARN_UNGUARDED_AVAILABILITY = YES_AGGRESSIVE;
				CLANG_WARN_UNREACHABLE_CODE = YES;
				CLANG_WARN__DUPLICATE_METHOD_MATCH = YES;
				CODE_SIGN_IDENTITY = "iPhone Developer";
				COPY_PHASE_STRIP = NO;
				DEBUG_INFORMATION_FORMAT = dwarf;
				ENABLE_STRICT_OBJC_MSGSEND = YES;
				ENABLE_TESTABILITY = YES;
				GCC_C_LANGUAGE_STANDARD = gnu11;
				GCC_DYNAMIC_NO_PIC = NO;
				GCC_NO_COMMON_BLOCKS = YES;
				GCC_OPTIMIZATION_LEVEL = 0;
				GCC_PREPROCESSOR_DEFINITIONS = (
					"DEBUG=1",
					"$(inherited)",
				);
				GCC_WARN_64_TO_32_BIT_CONVERSION = YES;
				GCC_WARN_ABOUT_RETURN_TYPE = YES_ERROR;
				GCC_WARN_UNDECLARED_SELECTOR = YES;
				GCC_WARN_UNINITIALIZED_AUTOS = YES_AGGRESSIVE;
				GCC_WARN_UNUSED_FUNCTION = YES;
				GCC_WARN_UNUSED_VARIABLE = YES;
				IPHONEOS_DEPLOYMENT_TARGET = 12.4;
				MTL_ENABLE_DEBUG_INFO = INCLUDE_SOURCE;
				MTL_FAST_MATH = YES;
				ONLY_ACTIVE_ARCH = YES;
				SDKROOT = iphoneos;
				SWIFT_ACTIVE_COMPILATION_CONDITIONS = DEBUG;
				SWIFT_OPTIMIZATION_LEVEL = "-Onone";
			};
			name = Debug;
		};
		5F3686232306E8A800964580 /* Release */ = {
			isa = XCBuildConfiguration;
			buildSettings = {
				ALWAYS_SEARCH_USER_PATHS = NO;
				CLANG_ANALYZER_NONNULL = YES;
				CLANG_ANALYZER_NUMBER_OBJECT_CONVERSION = YES_AGGRESSIVE;
				CLANG_CXX_LANGUAGE_STANDARD = "gnu++14";
				CLANG_CXX_LIBRARY = "libc++";
				CLANG_ENABLE_MODULES = YES;
				CLANG_ENABLE_OBJC_ARC = YES;
				CLANG_ENABLE_OBJC_WEAK = YES;
				CLANG_WARN_BLOCK_CAPTURE_AUTORELEASING = YES;
				CLANG_WARN_BOOL_CONVERSION = YES;
				CLANG_WARN_COMMA = YES;
				CLANG_WARN_CONSTANT_CONVERSION = YES;
				CLANG_WARN_DEPRECATED_OBJC_IMPLEMENTATIONS = YES;
				CLANG_WARN_DIRECT_OBJC_ISA_USAGE = YES_ERROR;
				CLANG_WARN_DOCUMENTATION_COMMENTS = YES;
				CLANG_WARN_EMPTY_BODY = YES;
				CLANG_WARN_ENUM_CONVERSION = YES;
				CLANG_WARN_INFINITE_RECURSION = YES;
				CLANG_WARN_INT_CONVERSION = YES;
				CLANG_WARN_NON_LITERAL_NULL_CONVERSION = YES;
				CLANG_WARN_OBJC_IMPLICIT_RETAIN_SELF = YES;
				CLANG_WARN_OBJC_LITERAL_CONVERSION = YES;
				CLANG_WARN_OBJC_ROOT_CLASS = YES_ERROR;
				CLANG_WARN_RANGE_LOOP_ANALYSIS = YES;
				CLANG_WARN_STRICT_PROTOTYPES = YES;
				CLANG_WARN_SUSPICIOUS_MOVE = YES;
				CLANG_WARN_UNGUARDED_AVAILABILITY = YES_AGGRESSIVE;
				CLANG_WARN_UNREACHABLE_CODE = YES;
				CLANG_WARN__DUPLICATE_METHOD_MATCH = YES;
				CODE_SIGN_IDENTITY = "iPhone Developer";
				COPY_PHASE_STRIP = NO;
				DEBUG_INFORMATION_FORMAT = "dwarf-with-dsym";
				ENABLE_NS_ASSERTIONS = NO;
				ENABLE_STRICT_OBJC_MSGSEND = YES;
				GCC_C_LANGUAGE_STANDARD = gnu11;
				GCC_NO_COMMON_BLOCKS = YES;
				GCC_WARN_64_TO_32_BIT_CONVERSION = YES;
				GCC_WARN_ABOUT_RETURN_TYPE = YES_ERROR;
				GCC_WARN_UNDECLARED_SELECTOR = YES;
				GCC_WARN_UNINITIALIZED_AUTOS = YES_AGGRESSIVE;
				GCC_WARN_UNUSED_FUNCTION = YES;
				GCC_WARN_UNUSED_VARIABLE = YES;
				IPHONEOS_DEPLOYMENT_TARGET = 12.4;
				MTL_ENABLE_DEBUG_INFO = NO;
				MTL_FAST_MATH = YES;
				ONLY_ACTIVE_ARCH = YES;
				SDKROOT = iphoneos;
				SWIFT_COMPILATION_MODE = wholemodule;
				SWIFT_OPTIMIZATION_LEVEL = "-O";
				VALIDATE_PRODUCT = YES;
			};
			name = Release;
		};
		5F3686252306E8A800964580 /* Debug */ = {
			isa = XCBuildConfiguration;
			buildSettings = {
				ASSETCATALOG_COMPILER_APPICON_NAME = AppIcon;
				CODE_SIGN_STYLE = Automatic;
				DEVELOPMENT_TEAM = NAHY4Q8636;
				INFOPLIST_FILE = NYTimes/Info.plist;
				IPHONEOS_DEPLOYMENT_TARGET = 10.0;
				LD_RUNPATH_SEARCH_PATHS = (
					"$(inherited)",
					"@executable_path/Frameworks",
				);
				PRODUCT_BUNDLE_IDENTIFIER = com.ghostrider.NYTimes;
				PRODUCT_NAME = "$(TARGET_NAME)";
				SWIFT_VERSION = 5.0;
				TARGETED_DEVICE_FAMILY = 1;
			};
			name = Debug;
		};
		5F3686262306E8A800964580 /* Release */ = {
			isa = XCBuildConfiguration;
			buildSettings = {
				ASSETCATALOG_COMPILER_APPICON_NAME = AppIcon;
				CODE_SIGN_STYLE = Automatic;
				DEVELOPMENT_TEAM = NAHY4Q8636;
				INFOPLIST_FILE = NYTimes/Info.plist;
				IPHONEOS_DEPLOYMENT_TARGET = 10.0;
				LD_RUNPATH_SEARCH_PATHS = (
					"$(inherited)",
					"@executable_path/Frameworks",
				);
				PRODUCT_BUNDLE_IDENTIFIER = com.ghostrider.NYTimes;
				PRODUCT_NAME = "$(TARGET_NAME)";
				SWIFT_VERSION = 5.0;
				TARGETED_DEVICE_FAMILY = 1;
			};
			name = Release;
		};
		5F3686282306E8A800964580 /* Debug */ = {
			isa = XCBuildConfiguration;
			buildSettings = {
				ALWAYS_EMBED_SWIFT_STANDARD_LIBRARIES = YES;
				BUNDLE_LOADER = "$(TEST_HOST)";
				CODE_SIGN_STYLE = Automatic;
				DEVELOPMENT_TEAM = NAHY4Q8636;
				INFOPLIST_FILE = NYTimesTests/Info.plist;
				LD_RUNPATH_SEARCH_PATHS = (
					"$(inherited)",
					"@executable_path/Frameworks",
					"@loader_path/Frameworks",
				);
				PRODUCT_BUNDLE_IDENTIFIER = com.ghostrider.NYTimesTests;
				PRODUCT_NAME = "$(TARGET_NAME)";
				SWIFT_VERSION = 5.0;
				TARGETED_DEVICE_FAMILY = 1;
				TEST_HOST = "$(BUILT_PRODUCTS_DIR)/NYTimes.app/NYTimes";
			};
			name = Debug;
		};
		5F3686292306E8A800964580 /* Release */ = {
			isa = XCBuildConfiguration;
			buildSettings = {
				ALWAYS_EMBED_SWIFT_STANDARD_LIBRARIES = YES;
				BUNDLE_LOADER = "$(TEST_HOST)";
				CODE_SIGN_STYLE = Automatic;
				DEVELOPMENT_TEAM = NAHY4Q8636;
				INFOPLIST_FILE = NYTimesTests/Info.plist;
				LD_RUNPATH_SEARCH_PATHS = (
					"$(inherited)",
					"@executable_path/Frameworks",
					"@loader_path/Frameworks",
				);
				PRODUCT_BUNDLE_IDENTIFIER = com.ghostrider.NYTimesTests;
				PRODUCT_NAME = "$(TARGET_NAME)";
				SWIFT_VERSION = 5.0;
				TARGETED_DEVICE_FAMILY = 1;
				TEST_HOST = "$(BUILT_PRODUCTS_DIR)/NYTimes.app/NYTimes";
			};
			name = Release;
		};
		5F36862B2306E8A800964580 /* Debug */ = {
			isa = XCBuildConfiguration;
			buildSettings = {
				ALWAYS_EMBED_SWIFT_STANDARD_LIBRARIES = YES;
				CODE_SIGN_STYLE = Automatic;
				DEVELOPMENT_TEAM = NAHY4Q8636;
				INFOPLIST_FILE = NYTimesUITests/Info.plist;
				LD_RUNPATH_SEARCH_PATHS = (
					"$(inherited)",
					"@executable_path/Frameworks",
					"@loader_path/Frameworks",
				);
				PRODUCT_BUNDLE_IDENTIFIER = com.ghostrider.NYTimesUITests;
				PRODUCT_NAME = "$(TARGET_NAME)";
				SWIFT_VERSION = 5.0;
				TARGETED_DEVICE_FAMILY = "1,2";
				TEST_TARGET_NAME = NYTimes;
			};
			name = Debug;
		};
		5F36862C2306E8A800964580 /* Release */ = {
			isa = XCBuildConfiguration;
			buildSettings = {
				ALWAYS_EMBED_SWIFT_STANDARD_LIBRARIES = YES;
				CODE_SIGN_STYLE = Automatic;
				DEVELOPMENT_TEAM = NAHY4Q8636;
				INFOPLIST_FILE = NYTimesUITests/Info.plist;
				LD_RUNPATH_SEARCH_PATHS = (
					"$(inherited)",
					"@executable_path/Frameworks",
					"@loader_path/Frameworks",
				);
				PRODUCT_BUNDLE_IDENTIFIER = com.ghostrider.NYTimesUITests;
				PRODUCT_NAME = "$(TARGET_NAME)";
				SWIFT_VERSION = 5.0;
				TARGETED_DEVICE_FAMILY = "1,2";
				TEST_TARGET_NAME = NYTimes;
			};
			name = Release;
		};
/* End XCBuildConfiguration section */

/* Begin XCConfigurationList section */
		5F3685F72306E8A800964580 /* Build configuration list for PBXProject "NYTimes" */ = {
			isa = XCConfigurationList;
			buildConfigurations = (
				5F3686222306E8A800964580 /* Debug */,
				5F3686232306E8A800964580 /* Release */,
			);
			defaultConfigurationIsVisible = 0;
			defaultConfigurationName = Release;
		};
		5F3686242306E8A800964580 /* Build configuration list for PBXNativeTarget "NYTimes" */ = {
			isa = XCConfigurationList;
			buildConfigurations = (
				5F3686252306E8A800964580 /* Debug */,
				5F3686262306E8A800964580 /* Release */,
			);
			defaultConfigurationIsVisible = 0;
			defaultConfigurationName = Release;
		};
		5F3686272306E8A800964580 /* Build configuration list for PBXNativeTarget "NYTimesTests" */ = {
			isa = XCConfigurationList;
			buildConfigurations = (
				5F3686282306E8A800964580 /* Debug */,
				5F3686292306E8A800964580 /* Release */,
			);
			defaultConfigurationIsVisible = 0;
			defaultConfigurationName = Release;
		};
		5F36862A2306E8A800964580 /* Build configuration list for PBXNativeTarget "NYTimesUITests" */ = {
			isa = XCConfigurationList;
			buildConfigurations = (
				5F36862B2306E8A800964580 /* Debug */,
				5F36862C2306E8A800964580 /* Release */,
			);
			defaultConfigurationIsVisible = 0;
			defaultConfigurationName = Release;
		};
/* End XCConfigurationList section */
	};
	rootObject = 5F3685F42306E8A800964580 /* Project object */;
}
