// !$*UTF8*$!
{
	archiveVersion = 1;
	classes = {
	};
	objectVersion = 50;
	objects = {

/* Begin PBXBuildFile section */
		5F3686002306E8A800964580 /* AppDelegate.swift in Sources */ = {isa = PBXBuildFile; fileRef = 5F3685FF2306E8A800964580 /* AppDelegate.swift */; };
		5F3686022306E8A800964580 /* ViewController.swift in Sources */ = {isa = PBXBuildFile; fileRef = 5F3686012306E8A800964580 /* ViewController.swift */; };
		5F3686052306E8A800964580 /* Main.storyboard in Resources */ = {isa = PBXBuildFile; fileRef = 5F3686032306E8A800964580 /* Main.storyboard */; };
		5F3686072306E8A800964580 /* Assets.xcassets in Resources */ = {isa = PBXBuildFile; fileRef = 5F3686062306E8A800964580 /* Assets.xcassets */; };
		5F36860A2306E8A800964580 /* LaunchScreen.storyboard in Resources */ = {isa = PBXBuildFile; fileRef = 5F3686082306E8A800964580 /* LaunchScreen.storyboard */; };
		5F3686152306E8A800964580 /* NYTimesTests.swift in Sources */ = {isa = PBXBuildFile; fileRef = 5F3686142306E8A800964580 /* NYTimesTests.swift */; };
		5F3686202306E8A800964580 /* NYTimesUITests.swift in Sources */ = {isa = PBXBuildFile; fileRef = 5F36861F2306E8A800964580 /* NYTimesUITests.swift */; };
/* End PBXBuildFile section */

/* Begin PBXContainerItemProxy section */
		5F3686112306E8A800964580 /* PBXContainerItemProxy */ = {
			isa = PBXContainerItemProxy;
			containerPortal = 5F3685F42306E8A800964580 /* Project object */;
			proxyType = 1;
			remoteGlobalIDString = 5F3685FB2306E8A800964580;
			remoteInfo = NYTimes;
		};
		5F36861C2306E8A800964580 /* PBXContainerItemProxy */ = {
			isa = PBXContainerItemProxy;
			containerPortal = 5F3685F42306E8A800964580 /* Project object */;
			proxyType = 1;
			remoteGlobalIDString = 5F3685FB2306E8A800964580;
			remoteInfo = NYTimes;
		};
/* End PBXContainerItemProxy section */

/* Begin PBXFileReference section */
		5F3685FC2306E8A800964580 /* NYTimes.app */ = {isa = PBXFileReference; explicitFileType = wrapper.application; includeInIndex = 0; path = NYTimes.app; sourceTree = BUILT_PRODUCTS_DIR; };
		5F3685FF2306E8A800964580 /* AppDelegate.swift */ = {isa = PBXFileReference; lastKnownFileType = sourcecode.swift; path = AppDelegate.swift; sourceTree = "<group>"; };
		5F3686012306E8A800964580 /* ViewController.swift */ = {isa = PBXFileReference; lastKnownFileType = sourcecode.swift; path = ViewController.swift; sourceTree = "<group>"; };
		5F3686042306E8A800964580 /* Base */ = {isa = PBXFileReference; lastKnownFileType = file.storyboard; name = Base; path = Base.lproj/Main.storyboard; sourceTree = "<group>"; };
		5F3686062306E8A800964580 /* Assets.xcassets */ = {isa = PBXFileReference; lastKnownFileType = folder.assetcatalog; path = Assets.xcassets; sourceTree = "<group>"; };
		5F3686092306E8A800964580 /* Base */ = {isa = PBXFileReference; lastKnownFileType = file.storyboard; name = Base; path = Base.lproj/LaunchScreen.storyboard; sourceTree = "<group>"; };
		5F36860B2306E8A800964580 /* Info.plist */ = {isa = PBXFileReference; lastKnownFileType = text.plist.xml; path = Info.plist; sourceTree = "<group>"; };
		5F3686102306E8A800964580 /* NYTimesTests.xctest */ = {isa = PBXFileReference; explicitFileType = wrapper.cfbundle; includeInIndex = 0; path = NYTimesTests.xctest; sourceTree = BUILT_PRODUCTS_DIR; };
		5F3686142306E8A800964580 /* NYTimesTests.swift */ = {isa = PBXFileReference; lastKnownFileType = sourcecode.swift; path = NYTimesTests.swift; sourceTree = "<group>"; };
		5F3686162306E8A800964580 /* Info.plist */ = {isa = PBXFileReference; lastKnownFileType = text.plist.xml; path = Info.plist; sourceTree = "<group>"; };
		5F36861B2306E8A800964580 /* NYTimesUITests.xctest */ = {isa = PBXFileReference; explicitFileType = wrapper.cfbundle; includeInIndex = 0; path = NYTimesUITests.xctest; sourceTree = BUILT_PRODUCTS_DIR; };
		5F36861F2306E8A800964580 /* NYTimesUITests.swift */ = {isa = PBXFileReference; lastKnownFileType = sourcecode.swift; path = NYTimesUITests.swift; sourceTree = "<group>"; };
		5F3686212306E8A800964580 /* Info.plist */ = {isa = PBXFileReference; lastKnownFileType = text.plist.xml; path = Info.plist; sourceTree = "<group>"; };
/* End PBXFileReference section */

/* Begin PBXFrameworksBuildPhase section */
		5F3685F92306E8A800964580 /* Frameworks */ = {
			isa = PBXFrameworksBuildPhase;
			buildActionMask = 2147483647;
			files = (
			);
			runOnlyForDeploymentPostprocessing = 0;
		};
		5F36860D2306E8A800964580 /* Frameworks */ = {
			isa = PBXFrameworksBuildPhase;
			buildActionMask = 2147483647;
			files = (
			);
			runOnlyForDeploymentPostprocessing = 0;
		};
		5F3686182306E8A800964580 /* Frameworks */ = {
			isa = PBXFrameworksBuildPhase;
			buildActionMask = 2147483647;
			files = (
			);
			runOnlyForDeploymentPostprocessing = 0;
		};
/* End PBXFrameworksBuildPhase section */

/* Begin PBXGroup section */
		5F3685F32306E8A800964580 = {
			isa = PBXGroup;
			children = (
				5F3685FE2306E8A800964580 /* NYTimes */,
				5F3686132306E8A800964580 /* NYTimesTests */,
				5F36861E2306E8A800964580 /* NYTimesUITests */,
				5F3685FD2306E8A800964580 /* Products */,
			);
			sourceTree = "<group>";
		};
		5F3685FD2306E8A800964580 /* Products */ = {
			isa = PBXGroup;
			children = (
				5F3685FC2306E8A800964580 /* NYTimes.app */,
				5F3686102306E8A800964580 /* NYTimesTests.xctest */,
				5F36861B2306E8A800964580 /* NYTimesUITests.xctest */,
			);
			name = Products;
			sourceTree = "<group>";
		};
		5F3685FE2306E8A800964580 /* NYTimes */ = {
			isa = PBXGroup;
			children = (
				5F3685FF2306E8A800964580 /* AppDelegate.swift */,
				5F3686012306E8A800964580 /* ViewController.swift */,
				5F3686032306E8A800964580 /* Main.storyboard */,
				5F3686062306E8A800964580 /* Assets.xcassets */,
				5F3686082306E8A800964580 /* LaunchScreen.storyboard */,
				5F36860B2306E8A800964580 /* Info.plist */,
			);
			path = NYTimes;
			sourceTree = "<group>";
		};
		5F3686132306E8A800964580 /* NYTimesTests */ = {
			isa = PBXGroup;
			children = (
				5F3686142306E8A800964580 /* NYTimesTests.swift */,
				5F3686162306E8A800964580 /* Info.plist */,
			);
			path = NYTimesTests;
			sourceTree = "<group>";
		};
		5F36861E2306E8A800964580 /* NYTimesUITests */ = {
			isa = PBXGroup;
			children = (
				5F36861F2306E8A800964580 /* NYTimesUITests.swift */,
				5F3686212306E8A800964580 /* Info.plist */,
			);
			path = NYTimesUITests;
			sourceTree = "<group>";
		};
/* End PBXGroup section */

/* Begin PBXNativeTarget section */
		5F3685FB2306E8A800964580 /* NYTimes */ = {
			isa = PBXNativeTarget;
			buildConfigurationList = 5F3686242306E8A800964580 /* Build configuration list for PBXNativeTarget "NYTimes" */;
			buildPhases = (
				5F3685F82306E8A800964580 /* Sources */,
				5F3685F92306E8A800964580 /* Frameworks */,
				5F3685FA2306E8A800964580 /* Resources */,
			);
			buildRules = (
			);
			dependencies = (
			);
			name = NYTimes;
			productName = NYTimes;
			productReference = 5F3685FC2306E8A800964580 /* NYTimes.app */;
			productType = "com.apple.product-type.application";
		};
		5F36860F2306E8A800964580 /* NYTimesTests */ = {
			isa = PBXNativeTarget;
			buildConfigurationList = 5F3686272306E8A800964580 /* Build configuration list for PBXNativeTarget "NYTimesTests" */;
			buildPhases = (
				5F36860C2306E8A800964580 /* Sources */,
				5F36860D2306E8A800964580 /* Frameworks */,
				5F36860E2306E8A800964580 /* Resources */,
			);
			buildRules = (
			);
			dependencies = (
				5F3686122306E8A800964580 /* PBXTargetDependency */,
			);
			name = NYTimesTests;
			productName = NYTimesTests;
			productReference = 5F3686102306E8A800964580 /* NYTimesTests.xctest */;
			productType = "com.apple.product-type.bundle.unit-test";
		};
		5F36861A2306E8A800964580 /* NYTimesUITests */ = {
			isa = PBXNativeTarget;
			buildConfigurationList = 5F36862A2306E8A800964580 /* Build configuration list for PBXNativeTarget "NYTimesUITests" */;
			buildPhases = (
				5F3686172306E8A800964580 /* Sources */,
				5F3686182306E8A800964580 /* Frameworks */,
				5F3686192306E8A800964580 /* Resources */,
			);
			buildRules = (
			);
			dependencies = (
				5F36861D2306E8A800964580 /* PBXTargetDependency */,
			);
			name = NYTimesUITests;
			productName = NYTimesUITests;
			productReference = 5F36861B2306E8A800964580 /* NYTimesUITests.xctest */;
			productType = "com.apple.product-type.bundle.ui-testing";
		};
/* End PBXNativeTarget section */

/* Begin PBXProject section */
		5F3685F42306E8A800964580 /* Project object */ = {
			isa = PBXProject;
			attributes = {
				LastSwiftUpdateCheck = 1030;
				LastUpgradeCheck = 1030;
				ORGANIZATIONNAME = "Jayesh Shinde";
				TargetAttributes = {
					5F3685FB2306E8A800964580 = {
						CreatedOnToolsVersion = 10.3;
					};
					5F36860F2306E8A800964580 = {
						CreatedOnToolsVersion = 10.3;
						TestTargetID = 5F3685FB2306E8A800964580;
					};
					5F36861A2306E8A800964580 = {
						CreatedOnToolsVersion = 10.3;
						TestTargetID = 5F3685FB2306E8A800964580;
					};
				};
			};
			buildConfigurationList = 5F3685F72306E8A800964580 /* Build configuration list for PBXProject "NYTimes" */;
			compatibilityVersion = "Xcode 9.3";
			developmentRegion = en;
			hasScannedForEncodings = 0;
			knownRegions = (
				en,
				Base,
			);
			mainGroup = 5F3685F32306E8A800964580;
			productRefGroup = 5F3685FD2306E8A800964580 /* Products */;
			projectDirPath = "";
			projectRoot = "";
			targets = (
				5F3685FB2306E8A800964580 /* NYTimes */,
				5F36860F2306E8A800964580 /* NYTimesTests */,
				5F36861A2306E8A800964580 /* NYTimesUITests */,
			);
		};
/* End PBXProject section */

/* Begin PBXResourcesBuildPhase section */
		5F3685FA2306E8A800964580 /* Resources */ = {
			isa = PBXResourcesBuildPhase;
			buildActionMask = 2147483647;
			files = (
				5F36860A2306E8A800964580 /* LaunchScreen.storyboard in Resources */,
				5F3686072306E8A800964580 /* Assets.xcassets in Resources */,
				5F3686052306E8A800964580 /* Main.storyboard in Resources */,
			);
			runOnlyForDeploymentPostprocessing = 0;
		};
		5F36860E2306E8A800964580 /* Resources */ = {
			isa = PBXResourcesBuildPhase;
			buildActionMask = 2147483647;
			files = (
			);
			runOnlyForDeploymentPostprocessing = 0;
		};
		5F3686192306E8A800964580 /* Resources */ = {
			isa = PBXResourcesBuildPhase;
			buildActionMask = 2147483647;
			files = (
			);
			runOnlyForDeploymentPostprocessing = 0;
		};
/* End PBXResourcesBuildPhase section */

/* Begin PBXSourcesBuildPhase section */
		5F3685F82306E8A800964580 /* Sources */ = {
			isa = PBXSourcesBuildPhase;
			buildActionMask = 2147483647;
			files = (
				5F3686022306E8A800964580 /* ViewController.swift in Sources */,
				5F3686002306E8A800964580 /* AppDelegate.swift in Sources */,
			);
			runOnlyForDeploymentPostprocessing = 0;
		};
		5F36860C2306E8A800964580 /* Sources */ = {
			isa = PBXSourcesBuildPhase;
			buildActionMask = 2147483647;
			files = (
				5F3686152306E8A800964580 /* NYTimesTests.swift in Sources */,
			);
			runOnlyForDeploymentPostprocessing = 0;
		};
		5F3686172306E8A800964580 /* Sources */ = {
			isa = PBXSourcesBuildPhase;
			buildActionMask = 2147483647;
			files = (
				5F3686202306E8A800964580 /* NYTimesUITests.swift in Sources */,
			);
			runOnlyForDeploymentPostprocessing = 0;
		};
/* End PBXSourcesBuildPhase section */

/* Begin PBXTargetDependency section */
		5F3686122306E8A800964580 /* PBXTargetDependency */ = {
			isa = PBXTargetDependency;
			target = 5F3685FB2306E8A800964580 /* NYTimes */;
			targetProxy = 5F3686112306E8A800964580 /* PBXContainerItemProxy */;
		};
		5F36861D2306E8A800964580 /* PBXTargetDependency */ = {
			isa = PBXTargetDependency;
			target = 5F3685FB2306E8A800964580 /* NYTimes */;
			targetProxy = 5F36861C2306E8A800964580 /* PBXContainerItemProxy */;
		};
/* End PBXTargetDependency section */

/* Begin PBXVariantGroup section */
		5F3686032306E8A800964580 /* Main.storyboard */ = {
			isa = PBXVariantGroup;
			children = (
				5F3686042306E8A800964580 /* Base */,
			);
			name = Main.storyboard;
			sourceTree = "<group>";
		};
		5F3686082306E8A800964580 /* LaunchScreen.storyboard */ = {
			isa = PBXVariantGroup;
			children = (
				5F3686092306E8A800964580 /* Base */,
			);
			name = LaunchScreen.storyboard;
			sourceTree = "<group>";
		};
/* End PBXVariantGroup section */

/* Begin XCBuildConfiguration section */
		5F3686222306E8A800964580 /* Debug */ = {
			isa = XCBuildConfiguration;
			buildSettings = {
				ALWAYS_SEARCH_USER_PATHS = NO;
				CLANG_ANALYZER_NONNULL = YES;
				CLANG_ANALYZER_NUMBER_OBJECT_CONVERSION = YES_AGGRESSIVE;
				CLANG_CXX_LANGUAGE_STANDARD = "gnu++14";
				CLANG_CXX_LIBRARY = "libc++";
				CLANG_ENABLE_MODULES = YES;
				CLANG_ENABLE_OBJC_ARC = YES;
				CLANG_ENABLE_OBJC_WEAK = YES;
				CLANG_WARN_BLOCK_CAPTURE_AUTORELEASING = YES;
				CLANG_WARN_BOOL_CONVERSION = YES;
				CLANG_WARN_COMMA = YES;
				CLANG_WARN_CONSTANT_CONVERSION = YES;
				CLANG_WARN_DEPRECATED_OBJC_IMPLEMENTATIONS = YES;
				CLANG_WARN_DIRECT_OBJC_ISA_USAGE = YES_ERROR;
				CLANG_WARN_DOCUMENTATION_COMMENTS = YES;
				CLANG_WARN_EMPTY_BODY = YES;
				CLANG_WARN_ENUM_CONVERSION = YES;
				CLANG_WARN_INFINITE_RECURSION = YES;
				CLANG_WARN_INT_CONVERSION = YES;
				CLANG_WARN_NON_LITERAL_NULL_CONVERSION = YES;
				CLANG_WARN_OBJC_IMPLICIT_RETAIN_SELF = YES;
				CLANG_WARN_OBJC_LITERAL_CONVERSION = YES;
				CLANG_WARN_OBJC_ROOT_CLASS = YES_ERROR;
				CLANG_WARN_RANGE_LOOP_ANALYSIS = YES;
				CLANG_WARN_STRICT_PROTOTYPES = YES;
				CLANG_WARN_SUSPICIOUS_MOVE = YES;
				CLANG_WARN_UNGUARDED_AVAILABILITY = YES_AGGRESSIVE;
				CLANG_WARN_UNREACHABLE_CODE = YES;
				CLANG_WARN__DUPLICATE_METHOD_MATCH = YES;
				CODE_SIGN_IDENTITY = "iPhone Developer";
				COPY_PHASE_STRIP = NO;
				DEBUG_INFORMATION_FORMAT = dwarf;
				ENABLE_STRICT_OBJC_MSGSEND = YES;
				ENABLE_TESTABILITY = YES;
				GCC_C_LANGUAGE_STANDARD = gnu11;
				GCC_DYNAMIC_NO_PIC = NO;
				GCC_NO_COMMON_BLOCKS = YES;
				GCC_OPTIMIZATION_LEVEL = 0;
				GCC_PREPROCESSOR_DEFINITIONS = (
					"DEBUG=1",
					"$(inherited)",
				);
				GCC_WARN_64_TO_32_BIT_CONVERSION = YES;
				GCC_WARN_ABOUT_RETURN_TYPE = YES_ERROR;
				GCC_WARN_UNDECLARED_SELECTOR = YES;
				GCC_WARN_UNINITIALIZED_AUTOS = YES_AGGRESSIVE;
				GCC_WARN_UNUSED_FUNCTION = YES;
				GCC_WARN_UNUSED_VARIABLE = YES;
				IPHONEOS_DEPLOYMENT_TARGET = 12.4;
				MTL_ENABLE_DEBUG_INFO = INCLUDE_SOURCE;
				MTL_FAST_MATH = YES;
				ONLY_ACTIVE_ARCH = YES;
				SDKROOT = iphoneos;
				SWIFT_ACTIVE_COMPILATION_CONDITIONS = DEBUG;
				SWIFT_OPTIMIZATION_LEVEL = "-Onone";
			};
			name = Debug;
		};
		5F3686232306E8A800964580 /* Release */ = {
			isa = XCBuildConfiguration;
			buildSettings = {
				ALWAYS_SEARCH_USER_PATHS = NO;
				CLANG_ANALYZER_NONNULL = YES;
				CLANG_ANALYZER_NUMBER_OBJECT_CONVERSION = YES_AGGRESSIVE;
				CLANG_CXX_LANGUAGE_STANDARD = "gnu++14";
				CLANG_CXX_LIBRARY = "libc++";
				CLANG_ENABLE_MODULES = YES;
				CLANG_ENABLE_OBJC_ARC = YES;
				CLANG_ENABLE_OBJC_WEAK = YES;
				CLANG_WARN_BLOCK_CAPTURE_AUTORELEASING = YES;
				CLANG_WARN_BOOL_CONVERSION = YES;
				CLANG_WARN_COMMA = YES;
				CLANG_WARN_CONSTANT_CONVERSION = YES;
				CLANG_WARN_DEPRECATED_OBJC_IMPLEMENTATIONS = YES;
				CLANG_WARN_DIRECT_OBJC_ISA_USAGE = YES_ERROR;
				CLANG_WARN_DOCUMENTATION_COMMENTS = YES;
				CLANG_WARN_EMPTY_BODY = YES;
				CLANG_WARN_ENUM_CONVERSION = YES;
				CLANG_WARN_INFINITE_RECURSION = YES;
				CLANG_WARN_INT_CONVERSION = YES;
				CLANG_WARN_NON_LITERAL_NULL_CONVERSION = YES;
				CLANG_WARN_OBJC_IMPLICIT_RETAIN_SELF = YES;
				CLANG_WARN_OBJC_LITERAL_CONVERSION = YES;
				CLANG_WARN_OBJC_ROOT_CLASS = YES_ERROR;
				CLANG_WARN_RANGE_LOOP_ANALYSIS = YES;
				CLANG_WARN_STRICT_PROTOTYPES = YES;
				CLANG_WARN_SUSPICIOUS_MOVE = YES;
				CLANG_WARN_UNGUARDED_AVAILABILITY = YES_AGGRESSIVE;
				CLANG_WARN_UNREACHABLE_CODE = YES;
				CLANG_WARN__DUPLICATE_METHOD_MATCH = YES;
				CODE_SIGN_IDENTITY = "iPhone Developer";
				COPY_PHASE_STRIP = NO;
				DEBUG_INFORMATION_FORMAT = "dwarf-with-dsym";
				ENABLE_NS_ASSERTIONS = NO;
				ENABLE_STRICT_OBJC_MSGSEND = YES;
				GCC_C_LANGUAGE_STANDARD = gnu11;
				GCC_NO_COMMON_BLOCKS = YES;
				GCC_WARN_64_TO_32_BIT_CONVERSION = YES;
				GCC_WARN_ABOUT_RETURN_TYPE = YES_ERROR;
				GCC_WARN_UNDECLARED_SELECTOR = YES;
				GCC_WARN_UNINITIALIZED_AUTOS = YES_AGGRESSIVE;
				GCC_WARN_UNUSED_FUNCTION = YES;
				GCC_WARN_UNUSED_VARIABLE = YES;
				IPHONEOS_DEPLOYMENT_TARGET = 12.4;
				MTL_ENABLE_DEBUG_INFO = NO;
				MTL_FAST_MATH = YES;
				SDKROOT = iphoneos;
				SWIFT_COMPILATION_MODE = wholemodule;
				SWIFT_OPTIMIZATION_LEVEL = "-O";
				VALIDATE_PRODUCT = YES;
			};
			name = Release;
		};
		5F3686252306E8A800964580 /* Debug */ = {
			isa = XCBuildConfiguration;
			buildSettings = {
				ASSETCATALOG_COMPILER_APPICON_NAME = AppIcon;
				CODE_SIGN_STYLE = Automatic;
				DEVELOPMENT_TEAM = NAHY4Q8636;
				INFOPLIST_FILE = NYTimes/Info.plist;
				LD_RUNPATH_SEARCH_PATHS = (
					"$(inherited)",
					"@executable_path/Frameworks",
				);
				PRODUCT_BUNDLE_IDENTIFIER = com.ghostrider.NYTimes;
				PRODUCT_NAME = "$(TARGET_NAME)";
				SWIFT_VERSION = 5.0;
				TARGETED_DEVICE_FAMILY = "1,2";
			};
			name = Debug;
		};
		5F3686262306E8A800964580 /* Release */ = {
			isa = XCBuildConfiguration;
			buildSettings = {
				ASSETCATALOG_COMPILER_APPICON_NAME = AppIcon;
				CODE_SIGN_STYLE = Automatic;
				DEVELOPMENT_TEAM = NAHY4Q8636;
				INFOPLIST_FILE = NYTimes/Info.plist;
				LD_RUNPATH_SEARCH_PATHS = (
					"$(inherited)",
					"@executable_path/Frameworks",
				);
				PRODUCT_BUNDLE_IDENTIFIER = com.ghostrider.NYTimes;
				PRODUCT_NAME = "$(TARGET_NAME)";
				SWIFT_VERSION = 5.0;
				TARGETED_DEVICE_FAMILY = "1,2";
			};
			name = Release;
		};
		5F3686282306E8A800964580 /* Debug */ = {
			isa = XCBuildConfiguration;
			buildSettings = {
				ALWAYS_EMBED_SWIFT_STANDARD_LIBRARIES = YES;
				BUNDLE_LOADER = "$(TEST_HOST)";
				CODE_SIGN_STYLE = Automatic;
				DEVELOPMENT_TEAM = NAHY4Q8636;
				INFOPLIST_FILE = NYTimesTests/Info.plist;
				LD_RUNPATH_SEARCH_PATHS = (
					"$(inherited)",
					"@executable_path/Frameworks",
					"@loader_path/Frameworks",
				);
				PRODUCT_BUNDLE_IDENTIFIER = com.ghostrider.NYTimesTests;
				PRODUCT_NAME = "$(TARGET_NAME)";
				SWIFT_VERSION = 5.0;
				TARGETED_DEVICE_FAMILY = "1,2";
				TEST_HOST = "$(BUILT_PRODUCTS_DIR)/NYTimes.app/NYTimes";
			};
			name = Debug;
		};
		5F3686292306E8A800964580 /* Release */ = {
			isa = XCBuildConfiguration;
			buildSettings = {
				ALWAYS_EMBED_SWIFT_STANDARD_LIBRARIES = YES;
				BUNDLE_LOADER = "$(TEST_HOST)";
				CODE_SIGN_STYLE = Automatic;
				DEVELOPMENT_TEAM = NAHY4Q8636;
				INFOPLIST_FILE = NYTimesTests/Info.plist;
				LD_RUNPATH_SEARCH_PATHS = (
					"$(inherited)",
					"@executable_path/Frameworks",
					"@loader_path/Frameworks",
				);
				PRODUCT_BUNDLE_IDENTIFIER = com.ghostrider.NYTimesTests;
				PRODUCT_NAME = "$(TARGET_NAME)";
				SWIFT_VERSION = 5.0;
				TARGETED_DEVICE_FAMILY = "1,2";
				TEST_HOST = "$(BUILT_PRODUCTS_DIR)/NYTimes.app/NYTimes";
			};
			name = Release;
		};
		5F36862B2306E8A800964580 /* Debug */ = {
			isa = XCBuildConfiguration;
			buildSettings = {
				ALWAYS_EMBED_SWIFT_STANDARD_LIBRARIES = YES;
				CODE_SIGN_STYLE = Automatic;
				DEVELOPMENT_TEAM = NAHY4Q8636;
				INFOPLIST_FILE = NYTimesUITests/Info.plist;
				LD_RUNPATH_SEARCH_PATHS = (
					"$(inherited)",
					"@executable_path/Frameworks",
					"@loader_path/Frameworks",
				);
				PRODUCT_BUNDLE_IDENTIFIER = com.ghostrider.NYTimesUITests;
				PRODUCT_NAME = "$(TARGET_NAME)";
				SWIFT_VERSION = 5.0;
				TARGETED_DEVICE_FAMILY = "1,2";
				TEST_TARGET_NAME = NYTimes;
			};
			name = Debug;
		};
		5F36862C2306E8A800964580 /* Release */ = {
			isa = XCBuildConfiguration;
			buildSettings = {
				ALWAYS_EMBED_SWIFT_STANDARD_LIBRARIES = YES;
				CODE_SIGN_STYLE = Automatic;
				DEVELOPMENT_TEAM = NAHY4Q8636;
				INFOPLIST_FILE = NYTimesUITests/Info.plist;
				LD_RUNPATH_SEARCH_PATHS = (
					"$(inherited)",
					"@executable_path/Frameworks",
					"@loader_path/Frameworks",
				);
				PRODUCT_BUNDLE_IDENTIFIER = com.ghostrider.NYTimesUITests;
				PRODUCT_NAME = "$(TARGET_NAME)";
				SWIFT_VERSION = 5.0;
				TARGETED_DEVICE_FAMILY = "1,2";
				TEST_TARGET_NAME = NYTimes;
			};
			name = Release;
		};
/* End XCBuildConfiguration section */

/* Begin XCConfigurationList section */
		5F3685F72306E8A800964580 /* Build configuration list for PBXProject "NYTimes" */ = {
			isa = XCConfigurationList;
			buildConfigurations = (
				5F3686222306E8A800964580 /* Debug */,
				5F3686232306E8A800964580 /* Release */,
			);
			defaultConfigurationIsVisible = 0;
			defaultConfigurationName = Release;
		};
		5F3686242306E8A800964580 /* Build configuration list for PBXNativeTarget "NYTimes" */ = {
			isa = XCConfigurationList;
			buildConfigurations = (
				5F3686252306E8A800964580 /* Debug */,
				5F3686262306E8A800964580 /* Release */,
			);
			defaultConfigurationIsVisible = 0;
			defaultConfigurationName = Release;
		};
		5F3686272306E8A800964580 /* Build configuration list for PBXNativeTarget "NYTimesTests" */ = {
			isa = XCConfigurationList;
			buildConfigurations = (
				5F3686282306E8A800964580 /* Debug */,
				5F3686292306E8A800964580 /* Release */,
			);
			defaultConfigurationIsVisible = 0;
			defaultConfigurationName = Release;
		};
		5F36862A2306E8A800964580 /* Build configuration list for PBXNativeTarget "NYTimesUITests" */ = {
			isa = XCConfigurationList;
			buildConfigurations = (
				5F36862B2306E8A800964580 /* Debug */,
				5F36862C2306E8A800964580 /* Release */,
			);
			defaultConfigurationIsVisible = 0;
			defaultConfigurationName = Release;
		};
/* End XCConfigurationList section */
	};
	rootObject = 5F3685F42306E8A800964580 /* Project object */;
}
